// !$*UTF8*$!
{
	archiveVersion = 1;
	classes = {
	};
	objectVersion = 50;
	objects = {

/* Begin PBXBuildFile section */
		572A881422BA28D90083F034 /* Silly_SongTests_2.swift in Sources */ = {isa = PBXBuildFile; fileRef = 572A881322BA28D90083F034 /* Silly_SongTests_2.swift */; };
		572A882222BA3F6F0083F034 /* Silly_SongUITests_1.swift in Sources */ = {isa = PBXBuildFile; fileRef = 572A882122BA3F6F0083F034 /* Silly_SongUITests_1.swift */; };
		576B641222B360D900B6DCE5 /* AppDelegate.swift in Sources */ = {isa = PBXBuildFile; fileRef = 576B641122B360D900B6DCE5 /* AppDelegate.swift */; };
		576B641422B360D900B6DCE5 /* ViewController.swift in Sources */ = {isa = PBXBuildFile; fileRef = 576B641322B360D900B6DCE5 /* ViewController.swift */; };
		576B641722B360D900B6DCE5 /* Main.storyboard in Resources */ = {isa = PBXBuildFile; fileRef = 576B641522B360D900B6DCE5 /* Main.storyboard */; };
		576B641922B360DB00B6DCE5 /* Assets.xcassets in Resources */ = {isa = PBXBuildFile; fileRef = 576B641822B360DB00B6DCE5 /* Assets.xcassets */; };
		576B641C22B360DB00B6DCE5 /* LaunchScreen.storyboard in Resources */ = {isa = PBXBuildFile; fileRef = 576B641A22B360DB00B6DCE5 /* LaunchScreen.storyboard */; };
/* End PBXBuildFile section */

/* Begin PBXContainerItemProxy section */
		572A881622BA28D90083F034 /* PBXContainerItemProxy */ = {
			isa = PBXContainerItemProxy;
			containerPortal = 576B640622B360D500B6DCE5 /* Project object */;
			proxyType = 1;
			remoteGlobalIDString = 576B640D22B360D500B6DCE5;
			remoteInfo = "Silly Song";
		};
		572A882422BA3F6F0083F034 /* PBXContainerItemProxy */ = {
			isa = PBXContainerItemProxy;
			containerPortal = 576B640622B360D500B6DCE5 /* Project object */;
			proxyType = 1;
			remoteGlobalIDString = 576B640D22B360D500B6DCE5;
			remoteInfo = "Silly Song";
		};
/* End PBXContainerItemProxy section */

/* Begin PBXFileReference section */
		572A880A22BA162E0083F034 /* Info.plist */ = {isa = PBXFileReference; lastKnownFileType = text.plist.xml; path = Info.plist; sourceTree = "<group>"; };
		572A881122BA28D90083F034 /* Silly SongTests_2.xctest */ = {isa = PBXFileReference; explicitFileType = wrapper.cfbundle; includeInIndex = 0; path = "Silly SongTests_2.xctest"; sourceTree = BUILT_PRODUCTS_DIR; };
		572A881322BA28D90083F034 /* Silly_SongTests_2.swift */ = {isa = PBXFileReference; lastKnownFileType = sourcecode.swift; path = Silly_SongTests_2.swift; sourceTree = "<group>"; };
		572A881522BA28D90083F034 /* Info.plist */ = {isa = PBXFileReference; lastKnownFileType = text.plist.xml; path = Info.plist; sourceTree = "<group>"; };
		572A881F22BA3F6F0083F034 /* Silly SongUITests_1.xctest */ = {isa = PBXFileReference; explicitFileType = wrapper.cfbundle; includeInIndex = 0; path = "Silly SongUITests_1.xctest"; sourceTree = BUILT_PRODUCTS_DIR; };
		572A882122BA3F6F0083F034 /* Silly_SongUITests_1.swift */ = {isa = PBXFileReference; lastKnownFileType = sourcecode.swift; path = Silly_SongUITests_1.swift; sourceTree = "<group>"; };
		572A882322BA3F6F0083F034 /* Info.plist */ = {isa = PBXFileReference; lastKnownFileType = text.plist.xml; path = Info.plist; sourceTree = "<group>"; };
		576B640E22B360D900B6DCE5 /* Silly Song.app */ = {isa = PBXFileReference; explicitFileType = wrapper.application; includeInIndex = 0; path = "Silly Song.app"; sourceTree = BUILT_PRODUCTS_DIR; };
		576B641122B360D900B6DCE5 /* AppDelegate.swift */ = {isa = PBXFileReference; lastKnownFileType = sourcecode.swift; path = AppDelegate.swift; sourceTree = "<group>"; };
		576B641322B360D900B6DCE5 /* ViewController.swift */ = {isa = PBXFileReference; lastKnownFileType = sourcecode.swift; path = ViewController.swift; sourceTree = "<group>"; };
		576B641622B360D900B6DCE5 /* Base */ = {isa = PBXFileReference; lastKnownFileType = file.storyboard; name = Base; path = Base.lproj/Main.storyboard; sourceTree = "<group>"; };
		576B641822B360DB00B6DCE5 /* Assets.xcassets */ = {isa = PBXFileReference; lastKnownFileType = folder.assetcatalog; path = Assets.xcassets; sourceTree = "<group>"; };
		576B641B22B360DB00B6DCE5 /* Base */ = {isa = PBXFileReference; lastKnownFileType = file.storyboard; name = Base; path = Base.lproj/LaunchScreen.storyboard; sourceTree = "<group>"; };
/* End PBXFileReference section */

/* Begin PBXFrameworksBuildPhase section */
		572A880E22BA28D90083F034 /* Frameworks */ = {
			isa = PBXFrameworksBuildPhase;
			buildActionMask = 2147483647;
			files = (
			);
			runOnlyForDeploymentPostprocessing = 0;
		};
		572A881C22BA3F6F0083F034 /* Frameworks */ = {
			isa = PBXFrameworksBuildPhase;
			buildActionMask = 2147483647;
			files = (
			);
			runOnlyForDeploymentPostprocessing = 0;
		};
		576B640B22B360D500B6DCE5 /* Frameworks */ = {
			isa = PBXFrameworksBuildPhase;
			buildActionMask = 2147483647;
			files = (
			);
			runOnlyForDeploymentPostprocessing = 0;
		};
/* End PBXFrameworksBuildPhase section */

/* Begin PBXGroup section */
		572A881222BA28D90083F034 /* Silly SongTests_2 */ = {
			isa = PBXGroup;
			children = (
				572A881322BA28D90083F034 /* Silly_SongTests_2.swift */,
				572A881522BA28D90083F034 /* Info.plist */,
			);
			path = "Silly SongTests_2";
			sourceTree = "<group>";
		};
		572A882022BA3F6F0083F034 /* Silly SongUITests_1 */ = {
			isa = PBXGroup;
			children = (
				572A882122BA3F6F0083F034 /* Silly_SongUITests_1.swift */,
				572A882322BA3F6F0083F034 /* Info.plist */,
			);
			path = "Silly SongUITests_1";
			sourceTree = "<group>";
		};
		576B640522B360D500B6DCE5 = {
			isa = PBXGroup;
			children = (
				576B641022B360D900B6DCE5 /* Silly Song */,
				572A881222BA28D90083F034 /* Silly SongTests_2 */,
				572A882022BA3F6F0083F034 /* Silly SongUITests_1 */,
				576B640F22B360D900B6DCE5 /* Products */,
			);
			sourceTree = "<group>";
		};
		576B640F22B360D900B6DCE5 /* Products */ = {
			isa = PBXGroup;
			children = (
				576B640E22B360D900B6DCE5 /* Silly Song.app */,
				572A881122BA28D90083F034 /* Silly SongTests_2.xctest */,
				572A881F22BA3F6F0083F034 /* Silly SongUITests_1.xctest */,
			);
			name = Products;
			sourceTree = "<group>";
		};
		576B641022B360D900B6DCE5 /* Silly Song */ = {
			isa = PBXGroup;
			children = (
				572A880A22BA162E0083F034 /* Info.plist */,
				576B641122B360D900B6DCE5 /* AppDelegate.swift */,
				576B641322B360D900B6DCE5 /* ViewController.swift */,
				576B641522B360D900B6DCE5 /* Main.storyboard */,
				576B641822B360DB00B6DCE5 /* Assets.xcassets */,
				576B641A22B360DB00B6DCE5 /* LaunchScreen.storyboard */,
			);
			path = "Silly Song";
			sourceTree = "<group>";
		};
/* End PBXGroup section */

/* Begin PBXNativeTarget section */
		572A881022BA28D90083F034 /* Silly SongTests_2 */ = {
			isa = PBXNativeTarget;
			buildConfigurationList = 572A881822BA28D90083F034 /* Build configuration list for PBXNativeTarget "Silly SongTests_2" */;
			buildPhases = (
				572A880D22BA28D90083F034 /* Sources */,
				572A880E22BA28D90083F034 /* Frameworks */,
				572A880F22BA28D90083F034 /* Resources */,
			);
			buildRules = (
			);
			dependencies = (
				572A881722BA28D90083F034 /* PBXTargetDependency */,
			);
			name = "Silly SongTests_2";
			productName = "Silly SongTests_2";
			productReference = 572A881122BA28D90083F034 /* Silly SongTests_2.xctest */;
			productType = "com.apple.product-type.bundle.unit-test";
		};
		572A881E22BA3F6F0083F034 /* Silly SongUITests_1 */ = {
			isa = PBXNativeTarget;
			buildConfigurationList = 572A882622BA3F6F0083F034 /* Build configuration list for PBXNativeTarget "Silly SongUITests_1" */;
			buildPhases = (
				572A881B22BA3F6F0083F034 /* Sources */,
				572A881C22BA3F6F0083F034 /* Frameworks */,
				572A881D22BA3F6F0083F034 /* Resources */,
			);
			buildRules = (
			);
			dependencies = (
				572A882522BA3F6F0083F034 /* PBXTargetDependency */,
			);
			name = "Silly SongUITests_1";
			productName = "Silly SongUITests_1";
			productReference = 572A881F22BA3F6F0083F034 /* Silly SongUITests_1.xctest */;
			productType = "com.apple.product-type.bundle.ui-testing";
		};
		576B640D22B360D500B6DCE5 /* Silly Song */ = {
			isa = PBXNativeTarget;
			buildConfigurationList = 576B642022B360DB00B6DCE5 /* Build configuration list for PBXNativeTarget "Silly Song" */;
			buildPhases = (
				576B640A22B360D500B6DCE5 /* Sources */,
				576B640B22B360D500B6DCE5 /* Frameworks */,
				576B640C22B360D500B6DCE5 /* Resources */,
			);
			buildRules = (
			);
			dependencies = (
			);
			name = "Silly Song";
			productName = "Silly Song";
			productReference = 576B640E22B360D900B6DCE5 /* Silly Song.app */;
			productType = "com.apple.product-type.application";
		};
/* End PBXNativeTarget section */

/* Begin PBXProject section */
		576B640622B360D500B6DCE5 /* Project object */ = {
			isa = PBXProject;
			attributes = {
				LastSwiftUpdateCheck = 1020;
				LastUpgradeCheck = 1020;
				ORGANIZATIONNAME = "Mayur Yewale with  at MB";
				TargetAttributes = {
					572A881022BA28D90083F034 = {
						CreatedOnToolsVersion = 10.2.1;
						TestTargetID = 576B640D22B360D500B6DCE5;
					};
					572A881E22BA3F6F0083F034 = {
						CreatedOnToolsVersion = 10.2.1;
						TestTargetID = 576B640D22B360D500B6DCE5;
					};
					576B640D22B360D500B6DCE5 = {
						CreatedOnToolsVersion = 10.2.1;
					};
				};
			};
			buildConfigurationList = 576B640922B360D500B6DCE5 /* Build configuration list for PBXProject "Silly Song" */;
			compatibilityVersion = "Xcode 9.3";
			developmentRegion = en;
			hasScannedForEncodings = 0;
			knownRegions = (
				en,
				Base,
			);
			mainGroup = 576B640522B360D500B6DCE5;
			productRefGroup = 576B640F22B360D900B6DCE5 /* Products */;
			projectDirPath = "";
			projectRoot = "";
			targets = (
				576B640D22B360D500B6DCE5 /* Silly Song */,
				572A881022BA28D90083F034 /* Silly SongTests_2 */,
				572A881E22BA3F6F0083F034 /* Silly SongUITests_1 */,
			);
		};
/* End PBXProject section */

/* Begin PBXResourcesBuildPhase section */
		572A880F22BA28D90083F034 /* Resources */ = {
			isa = PBXResourcesBuildPhase;
			buildActionMask = 2147483647;
			files = (
			);
			runOnlyForDeploymentPostprocessing = 0;
		};
		572A881D22BA3F6F0083F034 /* Resources */ = {
			isa = PBXResourcesBuildPhase;
			buildActionMask = 2147483647;
			files = (
			);
			runOnlyForDeploymentPostprocessing = 0;
		};
		576B640C22B360D500B6DCE5 /* Resources */ = {
			isa = PBXResourcesBuildPhase;
			buildActionMask = 2147483647;
			files = (
				576B641C22B360DB00B6DCE5 /* LaunchScreen.storyboard in Resources */,
				576B641922B360DB00B6DCE5 /* Assets.xcassets in Resources */,
				576B641722B360D900B6DCE5 /* Main.storyboard in Resources */,
			);
			runOnlyForDeploymentPostprocessing = 0;
		};
/* End PBXResourcesBuildPhase section */

/* Begin PBXSourcesBuildPhase section */
		572A880D22BA28D90083F034 /* Sources */ = {
			isa = PBXSourcesBuildPhase;
			buildActionMask = 2147483647;
			files = (
				572A881422BA28D90083F034 /* Silly_SongTests_2.swift in Sources */,
			);
			runOnlyForDeploymentPostprocessing = 0;
		};
		572A881B22BA3F6F0083F034 /* Sources */ = {
			isa = PBXSourcesBuildPhase;
			buildActionMask = 2147483647;
			files = (
				572A882222BA3F6F0083F034 /* Silly_SongUITests_1.swift in Sources */,
			);
			runOnlyForDeploymentPostprocessing = 0;
		};
		576B640A22B360D500B6DCE5 /* Sources */ = {
			isa = PBXSourcesBuildPhase;
			buildActionMask = 2147483647;
			files = (
				576B641422B360D900B6DCE5 /* ViewController.swift in Sources */,
				576B641222B360D900B6DCE5 /* AppDelegate.swift in Sources */,
			);
			runOnlyForDeploymentPostprocessing = 0;
		};
/* End PBXSourcesBuildPhase section */

/* Begin PBXTargetDependency section */
		572A881722BA28D90083F034 /* PBXTargetDependency */ = {
			isa = PBXTargetDependency;
			target = 576B640D22B360D500B6DCE5 /* Silly Song */;
			targetProxy = 572A881622BA28D90083F034 /* PBXContainerItemProxy */;
		};
		572A882522BA3F6F0083F034 /* PBXTargetDependency */ = {
			isa = PBXTargetDependency;
			target = 576B640D22B360D500B6DCE5 /* Silly Song */;
			targetProxy = 572A882422BA3F6F0083F034 /* PBXContainerItemProxy */;
		};
/* End PBXTargetDependency section */

/* Begin PBXVariantGroup section */
		576B641522B360D900B6DCE5 /* Main.storyboard */ = {
			isa = PBXVariantGroup;
			children = (
				576B641622B360D900B6DCE5 /* Base */,
			);
			name = Main.storyboard;
			sourceTree = "<group>";
		};
		576B641A22B360DB00B6DCE5 /* LaunchScreen.storyboard */ = {
			isa = PBXVariantGroup;
			children = (
				576B641B22B360DB00B6DCE5 /* Base */,
			);
			name = LaunchScreen.storyboard;
			sourceTree = "<group>";
		};
/* End PBXVariantGroup section */

/* Begin XCBuildConfiguration section */
		572A881922BA28D90083F034 /* Debug */ = {
			isa = XCBuildConfiguration;
			buildSettings = {
				BUNDLE_LOADER = "$(TEST_HOST)";
				CODE_SIGN_STYLE = Automatic;
				DEVELOPMENT_TEAM = 8VM7GG6DB6;
				INFOPLIST_FILE = "Silly SongTests_2/Info.plist";
				LD_RUNPATH_SEARCH_PATHS = (
					"$(inherited)",
					"@executable_path/Frameworks",
					"@loader_path/Frameworks",
				);
				PRODUCT_BUNDLE_IDENTIFIER = "com.mindbody.Silly-SongTests-2";
				PRODUCT_NAME = "$(TARGET_NAME)";
				SWIFT_VERSION = 5.0;
				TARGETED_DEVICE_FAMILY = "1,2";
				TEST_HOST = "$(BUILT_PRODUCTS_DIR)/Silly Song.app/Silly Song";
			};
			name = Debug;
		};
		572A881A22BA28D90083F034 /* Release */ = {
			isa = XCBuildConfiguration;
			buildSettings = {
				BUNDLE_LOADER = "$(TEST_HOST)";
				CODE_SIGN_STYLE = Automatic;
				DEVELOPMENT_TEAM = 8VM7GG6DB6;
				INFOPLIST_FILE = "Silly SongTests_2/Info.plist";
				LD_RUNPATH_SEARCH_PATHS = (
					"$(inherited)",
					"@executable_path/Frameworks",
					"@loader_path/Frameworks",
				);
				PRODUCT_BUNDLE_IDENTIFIER = "com.mindbody.Silly-SongTests-2";
				PRODUCT_NAME = "$(TARGET_NAME)";
				SWIFT_VERSION = 5.0;
				TARGETED_DEVICE_FAMILY = "1,2";
				TEST_HOST = "$(BUILT_PRODUCTS_DIR)/Silly Song.app/Silly Song";
			};
			name = Release;
		};
		572A882722BA3F6F0083F034 /* Debug */ = {
			isa = XCBuildConfiguration;
			buildSettings = {
				CODE_SIGN_STYLE = Automatic;
				DEVELOPMENT_TEAM = 8VM7GG6DB6;
				INFOPLIST_FILE = "Silly SongUITests_1/Info.plist";
				LD_RUNPATH_SEARCH_PATHS = (
					"$(inherited)",
					"@executable_path/Frameworks",
					"@loader_path/Frameworks",
				);
				PRODUCT_BUNDLE_IDENTIFIER = "com.mindbody.Silly-SongUITests-1";
				PRODUCT_NAME = "$(TARGET_NAME)";
				SWIFT_VERSION = 5.0;
				TARGETED_DEVICE_FAMILY = "1,2";
				TEST_TARGET_NAME = "Silly Song";
			};
			name = Debug;
		};
		572A882822BA3F6F0083F034 /* Release */ = {
			isa = XCBuildConfiguration;
			buildSettings = {
				CODE_SIGN_STYLE = Automatic;
				DEVELOPMENT_TEAM = 8VM7GG6DB6;
				INFOPLIST_FILE = "Silly SongUITests_1/Info.plist";
				LD_RUNPATH_SEARCH_PATHS = (
					"$(inherited)",
					"@executable_path/Frameworks",
					"@loader_path/Frameworks",
				);
				PRODUCT_BUNDLE_IDENTIFIER = "com.mindbody.Silly-SongUITests-1";
				PRODUCT_NAME = "$(TARGET_NAME)";
				SWIFT_VERSION = 5.0;
				TARGETED_DEVICE_FAMILY = "1,2";
				TEST_TARGET_NAME = "Silly Song";
			};
			name = Release;
		};
		576B641E22B360DB00B6DCE5 /* Debug */ = {
			isa = XCBuildConfiguration;
			buildSettings = {
				ALWAYS_SEARCH_USER_PATHS = NO;
				CLANG_ANALYZER_NONNULL = YES;
				CLANG_ANALYZER_NUMBER_OBJECT_CONVERSION = YES_AGGRESSIVE;
				CLANG_CXX_LANGUAGE_STANDARD = "gnu++14";
				CLANG_CXX_LIBRARY = "libc++";
				CLANG_ENABLE_MODULES = YES;
				CLANG_ENABLE_OBJC_ARC = YES;
				CLANG_ENABLE_OBJC_WEAK = YES;
				CLANG_WARN_BLOCK_CAPTURE_AUTORELEASING = YES;
				CLANG_WARN_BOOL_CONVERSION = YES;
				CLANG_WARN_COMMA = YES;
				CLANG_WARN_CONSTANT_CONVERSION = YES;
				CLANG_WARN_DEPRECATED_OBJC_IMPLEMENTATIONS = YES;
				CLANG_WARN_DIRECT_OBJC_ISA_USAGE = YES_ERROR;
				CLANG_WARN_DOCUMENTATION_COMMENTS = YES;
				CLANG_WARN_EMPTY_BODY = YES;
				CLANG_WARN_ENUM_CONVERSION = YES;
				CLANG_WARN_INFINITE_RECURSION = YES;
				CLANG_WARN_INT_CONVERSION = YES;
				CLANG_WARN_NON_LITERAL_NULL_CONVERSION = YES;
				CLANG_WARN_OBJC_IMPLICIT_RETAIN_SELF = YES;
				CLANG_WARN_OBJC_LITERAL_CONVERSION = YES;
				CLANG_WARN_OBJC_ROOT_CLASS = YES_ERROR;
				CLANG_WARN_RANGE_LOOP_ANALYSIS = YES;
				CLANG_WARN_STRICT_PROTOTYPES = YES;
				CLANG_WARN_SUSPICIOUS_MOVE = YES;
				CLANG_WARN_UNGUARDED_AVAILABILITY = YES_AGGRESSIVE;
				CLANG_WARN_UNREACHABLE_CODE = YES;
				CLANG_WARN__DUPLICATE_METHOD_MATCH = YES;
				CODE_SIGN_IDENTITY = "iPhone Developer";
				COPY_PHASE_STRIP = NO;
				DEBUG_INFORMATION_FORMAT = dwarf;
				ENABLE_STRICT_OBJC_MSGSEND = YES;
				ENABLE_TESTABILITY = YES;
				GCC_C_LANGUAGE_STANDARD = gnu11;
				GCC_DYNAMIC_NO_PIC = NO;
				GCC_NO_COMMON_BLOCKS = YES;
				GCC_OPTIMIZATION_LEVEL = 0;
				GCC_PREPROCESSOR_DEFINITIONS = (
					"DEBUG=1",
					"$(inherited)",
				);
				GCC_WARN_64_TO_32_BIT_CONVERSION = YES;
				GCC_WARN_ABOUT_RETURN_TYPE = YES_ERROR;
				GCC_WARN_UNDECLARED_SELECTOR = YES;
				GCC_WARN_UNINITIALIZED_AUTOS = YES_AGGRESSIVE;
				GCC_WARN_UNUSED_FUNCTION = YES;
				GCC_WARN_UNUSED_VARIABLE = YES;
				IPHONEOS_DEPLOYMENT_TARGET = 12.2;
				MTL_ENABLE_DEBUG_INFO = INCLUDE_SOURCE;
				MTL_FAST_MATH = YES;
				ONLY_ACTIVE_ARCH = YES;
				SDKROOT = iphoneos;
				SWIFT_ACTIVE_COMPILATION_CONDITIONS = DEBUG;
				SWIFT_OPTIMIZATION_LEVEL = "-Onone";
			};
			name = Debug;
		};
		576B641F22B360DB00B6DCE5 /* Release */ = {
			isa = XCBuildConfiguration;
			buildSettings = {
				ALWAYS_SEARCH_USER_PATHS = NO;
				CLANG_ANALYZER_NONNULL = YES;
				CLANG_ANALYZER_NUMBER_OBJECT_CONVERSION = YES_AGGRESSIVE;
				CLANG_CXX_LANGUAGE_STANDARD = "gnu++14";
				CLANG_CXX_LIBRARY = "libc++";
				CLANG_ENABLE_MODULES = YES;
				CLANG_ENABLE_OBJC_ARC = YES;
				CLANG_ENABLE_OBJC_WEAK = YES;
				CLANG_WARN_BLOCK_CAPTURE_AUTORELEASING = YES;
				CLANG_WARN_BOOL_CONVERSION = YES;
				CLANG_WARN_COMMA = YES;
				CLANG_WARN_CONSTANT_CONVERSION = YES;
				CLANG_WARN_DEPRECATED_OBJC_IMPLEMENTATIONS = YES;
				CLANG_WARN_DIRECT_OBJC_ISA_USAGE = YES_ERROR;
				CLANG_WARN_DOCUMENTATION_COMMENTS = YES;
				CLANG_WARN_EMPTY_BODY = YES;
				CLANG_WARN_ENUM_CONVERSION = YES;
				CLANG_WARN_INFINITE_RECURSION = YES;
				CLANG_WARN_INT_CONVERSION = YES;
				CLANG_WARN_NON_LITERAL_NULL_CONVERSION = YES;
				CLANG_WARN_OBJC_IMPLICIT_RETAIN_SELF = YES;
				CLANG_WARN_OBJC_LITERAL_CONVERSION = YES;
				CLANG_WARN_OBJC_ROOT_CLASS = YES_ERROR;
				CLANG_WARN_RANGE_LOOP_ANALYSIS = YES;
				CLANG_WARN_STRICT_PROTOTYPES = YES;
				CLANG_WARN_SUSPICIOUS_MOVE = YES;
				CLANG_WARN_UNGUARDED_AVAILABILITY = YES_AGGRESSIVE;
				CLANG_WARN_UNREACHABLE_CODE = YES;
				CLANG_WARN__DUPLICATE_METHOD_MATCH = YES;
				CODE_SIGN_IDENTITY = "iPhone Developer";
				COPY_PHASE_STRIP = NO;
				DEBUG_INFORMATION_FORMAT = "dwarf-with-dsym";
				ENABLE_NS_ASSERTIONS = NO;
				ENABLE_STRICT_OBJC_MSGSEND = YES;
				GCC_C_LANGUAGE_STANDARD = gnu11;
				GCC_NO_COMMON_BLOCKS = YES;
				GCC_WARN_64_TO_32_BIT_CONVERSION = YES;
				GCC_WARN_ABOUT_RETURN_TYPE = YES_ERROR;
				GCC_WARN_UNDECLARED_SELECTOR = YES;
				GCC_WARN_UNINITIALIZED_AUTOS = YES_AGGRESSIVE;
				GCC_WARN_UNUSED_FUNCTION = YES;
				GCC_WARN_UNUSED_VARIABLE = YES;
				IPHONEOS_DEPLOYMENT_TARGET = 12.2;
				MTL_ENABLE_DEBUG_INFO = NO;
				MTL_FAST_MATH = YES;
				SDKROOT = iphoneos;
				SWIFT_COMPILATION_MODE = wholemodule;
				SWIFT_OPTIMIZATION_LEVEL = "-O";
				VALIDATE_PRODUCT = YES;
			};
			name = Release;
		};
		576B642122B360DB00B6DCE5 /* Debug */ = {
			isa = XCBuildConfiguration;
			buildSettings = {
				ASSETCATALOG_COMPILER_APPICON_NAME = AppIcon;
				CODE_SIGN_STYLE = Automatic;
				DEVELOPMENT_TEAM = 8VM7GG6DB6;
				INFOPLIST_FILE = "Silly Song/Info.plist";
				LD_RUNPATH_SEARCH_PATHS = (
					"$(inherited)",
					"@executable_path/Frameworks",
				);
				PRODUCT_BUNDLE_IDENTIFIER = "com.mindbody.Silly-Song";
				PRODUCT_NAME = "$(TARGET_NAME)";
				SWIFT_VERSION = 5.0;
				TARGETED_DEVICE_FAMILY = "1,2";
			};
			name = Debug;
		};
		576B642222B360DB00B6DCE5 /* Release */ = {
			isa = XCBuildConfiguration;
			buildSettings = {
				ASSETCATALOG_COMPILER_APPICON_NAME = AppIcon;
				CODE_SIGN_STYLE = Automatic;
				DEVELOPMENT_TEAM = 8VM7GG6DB6;
				INFOPLIST_FILE = "Silly Song/Info.plist";
				LD_RUNPATH_SEARCH_PATHS = (
					"$(inherited)",
					"@executable_path/Frameworks",
				);
				PRODUCT_BUNDLE_IDENTIFIER = "com.mindbody.Silly-Song";
				PRODUCT_NAME = "$(TARGET_NAME)";
				SWIFT_VERSION = 5.0;
				TARGETED_DEVICE_FAMILY = "1,2";
			};
			name = Release;
		};
/* End XCBuildConfiguration section */

/* Begin XCConfigurationList section */
		572A881822BA28D90083F034 /* Build configuration list for PBXNativeTarget "Silly SongTests_2" */ = {
			isa = XCConfigurationList;
			buildConfigurations = (
				572A881922BA28D90083F034 /* Debug */,
				572A881A22BA28D90083F034 /* Release */,
			);
			defaultConfigurationIsVisible = 0;
			defaultConfigurationName = Release;
		};
		572A882622BA3F6F0083F034 /* Build configuration list for PBXNativeTarget "Silly SongUITests_1" */ = {
			isa = XCConfigurationList;
			buildConfigurations = (
				572A882722BA3F6F0083F034 /* Debug */,
				572A882822BA3F6F0083F034 /* Release */,
			);
			defaultConfigurationIsVisible = 0;
			defaultConfigurationName = Release;
		};
		576B640922B360D500B6DCE5 /* Build configuration list for PBXProject "Silly Song" */ = {
			isa = XCConfigurationList;
			buildConfigurations = (
				576B641E22B360DB00B6DCE5 /* Debug */,
				576B641F22B360DB00B6DCE5 /* Release */,
			);
			defaultConfigurationIsVisible = 0;
			defaultConfigurationName = Release;
		};
		576B642022B360DB00B6DCE5 /* Build configuration list for PBXNativeTarget "Silly Song" */ = {
			isa = XCConfigurationList;
			buildConfigurations = (
				576B642122B360DB00B6DCE5 /* Debug */,
				576B642222B360DB00B6DCE5 /* Release */,
			);
			defaultConfigurationIsVisible = 0;
			defaultConfigurationName = Release;
		};
/* End XCConfigurationList section */
	};
	rootObject = 576B640622B360D500B6DCE5 /* Project object */;
}
